
Microsoft Visual Studio Solution File, Format Version 12.00
# Visual Studio Version 17
VisualStudioVersion = 17.7.34202.233
MinimumVisualStudioVersion = 10.0.40219.1
Project("{2150E333-8FDC-42A3-9474-1A3956D46DE8}") = "src", "src", "{BD4B2F58-F4E5-425B-81A8-D813B187B2A0}"
EndProject
Project("{2150E333-8FDC-42A3-9474-1A3956D46DE8}") = "Microservices", "Microservices", "{C00628A7-5828-4D97-A6A8-87AB6FD24CCC}"
EndProject
Project("{2150E333-8FDC-42A3-9474-1A3956D46DE8}") = "Products", "Products", "{A428AE08-7C33-4E0C-9828-F0BA244B3612}"
EndProject
Project("{2150E333-8FDC-42A3-9474-1A3956D46DE8}") = "API", "API", "{D1F8606B-C102-4366-8C2B-67C26E4A8282}"
EndProject
Project("{FAE04EC0-301F-11D3-BF4B-00C04F79EFBC}") = "Products.API", "src\Microservices\Products\Products.API\Products.API.csproj", "{8F4B3DCD-4DFC-4E00-8349-E6F02AB3FCA3}"
EndProject
Global
	GlobalSection(SolutionConfigurationPlatforms) = preSolution
		Debug|Any CPU = Debug|Any CPU
		Release|Any CPU = Release|Any CPU
	EndGlobalSection
	GlobalSection(ProjectConfigurationPlatforms) = postSolution
		{8F4B3DCD-4DFC-4E00-8349-E6F02AB3FCA3}.Debug|Any CPU.ActiveCfg = Debug|Any CPU
		{8F4B3DCD-4DFC-4E00-8349-E6F02AB3FCA3}.Debug|Any CPU.Build.0 = Debug|Any CPU
		{8F4B3DCD-4DFC-4E00-8349-E6F02AB3FCA3}.Release|Any CPU.ActiveCfg = Release|Any CPU
		{8F4B3DCD-4DFC-4E00-8349-E6F02AB3FCA3}.Release|Any CPU.Build.0 = Release|Any CPU
	EndGlobalSection
	GlobalSection(SolutionProperties) = preSolution
		HideSolutionNode = FALSE
	EndGlobalSection
	GlobalSection(NestedProjects) = preSolution
		{C00628A7-5828-4D97-A6A8-87AB6FD24CCC} = {BD4B2F58-F4E5-425B-81A8-D813B187B2A0}
		{A428AE08-7C33-4E0C-9828-F0BA244B3612} = {C00628A7-5828-4D97-A6A8-87AB6FD24CCC}
		{D1F8606B-C102-4366-8C2B-67C26E4A8282} = {A428AE08-7C33-4E0C-9828-F0BA244B3612}
		{8F4B3DCD-4DFC-4E00-8349-E6F02AB3FCA3} = {D1F8606B-C102-4366-8C2B-67C26E4A8282}
	EndGlobalSection
	GlobalSection(ExtensibilityGlobals) = postSolution
		SolutionGuid = {2AF6E2C0-9C35-4921-A9B2-67DABED0ABD1}
	EndGlobalSection
EndGlobal
